{
  "nodes": {
    "crane": {
      "locked": {
        "lastModified": 1780099841,
        "narHash": "sha256-EVZd2RsbpreRUDSi9rBwPY+ZxoyMaiEBbZxxhljbaS4=",
        "owner": "ipetkov",
        "repo": "crane",
        "rev": "0532eb17955225173906d671fb36306bdeb1e2dc",
        "type": "github"
      },
      "original": {
        "owner": "ipetkov",
        "repo": "crane",
        "type": "github"
      }
    },
    "flake-utils": {
      "inputs": {
        "systems": "systems"
      },
      "locked": {
        "lastModified": 1731533236,
        "narHash": "sha256-l0KFg5HjrsfsO/JpG+r7fRrqm12kzFHyUHqHCVpMMbI=",
        "owner": "numtide",
        "repo": "flake-utils",
        "rev": "11707dc2f618dd54ca8739b309ec4fc024de578b",
        "type": "github"
      },
      "original": {
        "owner": "numtide",
        "repo": "flake-utils",
        "type": "github"
      }
    },
    "mozsearch": {
      "inputs": {
        "crane": "crane",
        "flake-utils": "flake-utils",
        "nixpkgs": [
          "nixpkgs"
        ],
        "scip-typescript": "scip-typescript"
      },
      "locked": {
        "lastModified": 1781703190,
        "narHash": "sha256-mvGHd7/DNHmyWIn/rh+QAaRk/NFu6gSq9VD5UbdOMHs=",
        "ref": "refs/heads/master",
        "rev": "62358f3cb50ab4d892cb1cf2648b182e268c37a5",
        "revCount": 2658,
        "submodules": true,
        "type": "git",
        "url": "https://github.com/mozsearch/mozsearch"
      },
      "original": {
        "type": "git",
        "url": "https://github.com/mozsearch/mozsearch"
      }
    },
    "nixpkgs": {
      "locked": {
        "lastModified": 1781577229,
        "narHash": "sha256-lrp67w8AulE9Ks53n27I45ADSzbOCn4H+CNW1Ck8B+8=",
        "owner": "nixos",
        "repo": "nixpkgs",
        "rev": "567a49d1913ce81ac6e9582e3553dd90a955875f",
        "type": "github"
      },
      "original": {
        "owner": "nixos",
        "ref": "nixos-unstable",
        "repo": "nixpkgs",
        "type": "github"
      }
    },
    "root": {
      "inputs": {
        "mozsearch": "mozsearch",
        "nixpkgs": "nixpkgs"
      }
    },
    "scip-typescript": {
      "inputs": {
        "nixpkgs": [
          "mozsearch",
          "nixpkgs"
        ]
      },
      "locked": {
        "lastModified": 1780331254,
        "narHash": "sha256-ZgicGl13cOdZSxb9dLZl1k9XB44oKd5jo6Mjv64lMw4=",
        "owner": "mozsearch",
        "repo": "scip-typescript",
        "rev": "5fec9871c381ae75f0efdd75221c8071df08c0e8",
        "type": "github"
      },
      "original": {
        "owner": "mozsearch",
        "repo": "scip-typescript",
        "type": "github"
      }
    },
    "systems": {
      "locked": {
        "lastModified": 1681028828,
        "narHash": "sha256-Vy1rq5AaRuLzOxct8nz4T6wlgyUR7zLU309k9mBC768=",
        "owner": "nix-systems",
        "repo": "default",
        "rev": "da67096a3b9bf56a91d16901293e51ba5b49a27e",
        "type": "github"
      },
      "original": {
        "owner": "nix-systems",
        "repo": "default",
        "type": "github"
      }
    }
  },
  "root": "root",
  "version": 7
}
