{
  "nodes": {
    "crane": {
      "locked": {
        "lastModified": 1780532242,
        "narHash": "sha256-D+BsdpxmtUwtqGoY0IXPhHgTlmqgcZKCEo1oMyn7ep0=",
        "owner": "ipetkov",
        "repo": "crane",
        "rev": "59a82a1222dd3b2080b5cc52a1a2e8d5f1b77f37",
        "type": "github"
      },
      "original": {
        "owner": "ipetkov",
        "repo": "crane",
        "type": "github"
      }
    },
    "flake-utils": {
      "inputs": {
        "systems": "systems"
      },
      "locked": {
        "lastModified": 1731533236,
        "narHash": "sha256-l0KFg5HjrsfsO/JpG+r7fRrqm12kzFHyUHqHCVpMMbI=",
        "owner": "numtide",
        "repo": "flake-utils",
        "rev": "11707dc2f618dd54ca8739b309ec4fc024de578b",
        "type": "github"
      },
      "original": {
        "owner": "numtide",
        "repo": "flake-utils",
        "type": "github"
      }
    },
    "mozsearch": {
      "inputs": {
        "crane": "crane",
        "flake-utils": "flake-utils",
        "nixpkgs": [
          "nixpkgs"
        ],
        "scip-typescript": "scip-typescript"
      },
      "locked": {
        "lastModified": 1785501246,
        "narHash": "sha256-EOsSFjRn99nun1MbgRrPz6TKdXyaNeBRL8lvVvruGgA=",
        "ref": "mozsearch-qt",
        "rev": "e30faf95a5820c00079fb9bc433175de6d898d79",
        "revCount": 2709,
        "submodules": true,
        "type": "git",
        "url": "https://github.com/nicolas-guichard/mozsearch"
      },
      "original": {
        "ref": "mozsearch-qt",
        "type": "git",
        "url": "https://github.com/nicolas-guichard/mozsearch"
      }
    },
    "nixpkgs": {
      "locked": {
        "lastModified": 1785318670,
        "narHash": "sha256-dN6Ou5x/+23FZLEpYP3IffO+NyJFzUlGumt1uu3MMaY=",
        "owner": "nixos",
        "repo": "nixpkgs",
        "rev": "0954f7ee2f6bb3dc7d4e3d0d8bcb8fd4bde4cfc5",
        "type": "github"
      },
      "original": {
        "owner": "nixos",
        "ref": "nixos-unstable",
        "repo": "nixpkgs",
        "type": "github"
      }
    },
    "root": {
      "inputs": {
        "mozsearch": "mozsearch",
        "nixpkgs": "nixpkgs"
      }
    },
    "scip-typescript": {
      "inputs": {
        "nixpkgs": [
          "mozsearch",
          "nixpkgs"
        ]
      },
      "locked": {
        "lastModified": 1783513756,
        "narHash": "sha256-VGKWOC5zI50gOLoJKJSw7Yexpg8S2uq+cZdb2KUe8tc=",
        "owner": "mozsearch",
        "repo": "scip-typescript",
        "rev": "9137ccfccce3cc98891fc4fe1c6a22a357f3488e",
        "type": "github"
      },
      "original": {
        "owner": "mozsearch",
        "repo": "scip-typescript",
        "type": "github"
      }
    },
    "systems": {
      "locked": {
        "lastModified": 1681028828,
        "narHash": "sha256-Vy1rq5AaRuLzOxct8nz4T6wlgyUR7zLU309k9mBC768=",
        "owner": "nix-systems",
        "repo": "default",
        "rev": "da67096a3b9bf56a91d16901293e51ba5b49a27e",
        "type": "github"
      },
      "original": {
        "owner": "nix-systems",
        "repo": "default",
        "type": "github"
      }
    }
  },
  "root": "root",
  "version": 7
}
